
Microsoft Visual Studio Solution File, Format Version 12.00
# Visual Studio 14
VisualStudioVersion = 14.0.25420.1
MinimumVisualStudioVersion = 10.0.40219.1
Project("{FAE04EC0-301F-11D3-BF4B-00C04F79EFBC}") = "app01", "app01\app01.csproj", "{1BFC159E-CC53-4620-8EB2-218E914DEF8A}"
EndProject
Project("{FAE04EC0-301F-11D3-BF4B-00C04F79EFBC}") = "app01Tests1", "app01Tests1\app01Tests1.csproj", "{59CB747F-E36F-42B7-A82F-9341CC9DC8CA}"
EndProject
Global
	GlobalSection(SolutionConfigurationPlatforms) = preSolution
		Debug|Any CPU = Debug|Any CPU
		Release|Any CPU = Release|Any CPU
	EndGlobalSection
	GlobalSection(ProjectConfigurationPlatforms) = postSolution
		{1BFC159E-CC53-4620-8EB2-218E914DEF8A}.Debug|Any CPU.ActiveCfg = Debug|Any CPU
		{1BFC159E-CC53-4620-8EB2-218E914DEF8A}.Debug|Any CPU.Build.0 = Debug|Any CPU
		{1BFC159E-CC53-4620-8EB2-218E914DEF8A}.Release|Any CPU.ActiveCfg = Release|Any CPU
		{1BFC159E-CC53-4620-8EB2-218E914DEF8A}.Release|Any CPU.Build.0 = Release|Any CPU
		{59CB747F-E36F-42B7-A82F-9341CC9DC8CA}.Debug|Any CPU.ActiveCfg = Debug|Any CPU
		{59CB747F-E36F-42B7-A82F-9341CC9DC8CA}.Debug|Any CPU.Build.0 = Debug|Any CPU
		{59CB747F-E36F-42B7-A82F-9341CC9DC8CA}.Release|Any CPU.ActiveCfg = Release|Any CPU
		{59CB747F-E36F-42B7-A82F-9341CC9DC8CA}.Release|Any CPU.Build.0 = Release|Any CPU
	EndGlobalSection
	GlobalSection(SolutionProperties) = preSolution
		HideSolutionNode = FALSE
	EndGlobalSection
EndGlobal
